
Microsoft Visual Studio Solution File, Format Version 12.00
# Visual Studio 14
VisualStudioVersion = 14.0.23107.0
MinimumVisualStudioVersion = 10.0.40219.1
Project("{FAE04EC0-301F-11D3-BF4B-00C04F79EFBC}") = "DynamicQuerying", "DynamicQuerying\DynamicQuerying.csproj", "{52B64F80-E9AF-4E53-86E3-C9FE4D187F08}"
EndProject
Project("{FAE04EC0-301F-11D3-BF4B-00C04F79EFBC}") = "DynamicQuerying.Tests", "DynamicQuerying.Tests\DynamicQuerying.Tests.csproj", "{B8FC8C46-1168-4293-937E-5772344F8BD5}"
EndProject
Global
	GlobalSection(SolutionConfigurationPlatforms) = preSolution
		Debug|Any CPU = Debug|Any CPU
		Release|Any CPU = Release|Any CPU
	EndGlobalSection
	GlobalSection(ProjectConfigurationPlatforms) = postSolution
		{52B64F80-E9AF-4E53-86E3-C9FE4D187F08}.Debug|Any CPU.ActiveCfg = Debug|Any CPU
		{52B64F80-E9AF-4E53-86E3-C9FE4D187F08}.Debug|Any CPU.Build.0 = Debug|Any CPU
		{52B64F80-E9AF-4E53-86E3-C9FE4D187F08}.Release|Any CPU.ActiveCfg = Release|Any CPU
		{52B64F80-E9AF-4E53-86E3-C9FE4D187F08}.Release|Any CPU.Build.0 = Release|Any CPU
		{B8FC8C46-1168-4293-937E-5772344F8BD5}.Debug|Any CPU.ActiveCfg = Debug|Any CPU
		{B8FC8C46-1168-4293-937E-5772344F8BD5}.Debug|Any CPU.Build.0 = Debug|Any CPU
		{B8FC8C46-1168-4293-937E-5772344F8BD5}.Release|Any CPU.ActiveCfg = Release|Any CPU
		{B8FC8C46-1168-4293-937E-5772344F8BD5}.Release|Any CPU.Build.0 = Release|Any CPU
	EndGlobalSection
	GlobalSection(SolutionProperties) = preSolution
		HideSolutionNode = FALSE
	EndGlobalSection
EndGlobal
